// !$*UTF8*$!
{
	archiveVersion = 1;
	classes = {
	};
	objectVersion = 56;
	objects = {

/* Begin PBXBuildFile section */
		3F7EF70E2A7CCAED00A971DC /* MemoManager.swift in Sources */ = {isa = PBXBuildFile; fileRef = 3F7EF70D2A7CCAED00A971DC /* MemoManager.swift */; };
		3F7EF7122A81F4D100A971DC /* CompleteViewController.swift in Sources */ = {isa = PBXBuildFile; fileRef = 3F7EF7112A81F4D100A971DC /* CompleteViewController.swift */; };
		3FBF01AC2A78E7C400E3EB02 /* AppDelegate.swift in Sources */ = {isa = PBXBuildFile; fileRef = 3FBF01AB2A78E7C400E3EB02 /* AppDelegate.swift */; };
		3FBF01AE2A78E7C400E3EB02 /* SceneDelegate.swift in Sources */ = {isa = PBXBuildFile; fileRef = 3FBF01AD2A78E7C400E3EB02 /* SceneDelegate.swift */; };
		3FBF01B02A78E7C400E3EB02 /* ViewController.swift in Sources */ = {isa = PBXBuildFile; fileRef = 3FBF01AF2A78E7C400E3EB02 /* ViewController.swift */; };
		3FBF01B32A78E7C400E3EB02 /* Main.storyboard in Resources */ = {isa = PBXBuildFile; fileRef = 3FBF01B12A78E7C400E3EB02 /* Main.storyboard */; };
		3FBF01B52A78E7C600E3EB02 /* Assets.xcassets in Resources */ = {isa = PBXBuildFile; fileRef = 3FBF01B42A78E7C600E3EB02 /* Assets.xcassets */; };
		3FBF01B82A78E7C600E3EB02 /* LaunchScreen.storyboard in Resources */ = {isa = PBXBuildFile; fileRef = 3FBF01B62A78E7C600E3EB02 /* LaunchScreen.storyboard */; };
		3FE583EB2A7A2B8200FEB453 /* team3.png in Resources */ = {isa = PBXBuildFile; fileRef = 3FBF01BF2A78EBC500E3EB02 /* team3.png */; };
		3FE583ED2A7A31D800FEB453 /* TableViewController.swift in Sources */ = {isa = PBXBuildFile; fileRef = 3FE583EC2A7A31D800FEB453 /* TableViewController.swift */; };
		3FE583EF2A7A494100FEB453 /* Memo.swift in Sources */ = {isa = PBXBuildFile; fileRef = 3FE583EE2A7A494100FEB453 /* Memo.swift */; };
		3FE583F12A7A673200FEB453 /* DetailViewController.swift in Sources */ = {isa = PBXBuildFile; fileRef = 3FE583F02A7A673200FEB453 /* DetailViewController.swift */; };
		3FE583F32A7A6A6200FEB453 /* UIViewController+Alert.swift in Sources */ = {isa = PBXBuildFile; fileRef = 3FE583F22A7A6A6200FEB453 /* UIViewController+Alert.swift */; };
/* End PBXBuildFile section */

/* Begin PBXFileReference section */
		3F7EF70D2A7CCAED00A971DC /* MemoManager.swift */ = {isa = PBXFileReference; lastKnownFileType = sourcecode.swift; path = MemoManager.swift; sourceTree = "<group>"; };
		3F7EF7112A81F4D100A971DC /* CompleteViewController.swift */ = {isa = PBXFileReference; lastKnownFileType = sourcecode.swift; path = CompleteViewController.swift; sourceTree = "<group>"; };
		3FBF01A82A78E7C400E3EB02 /* MyMemo.app */ = {isa = PBXFileReference; explicitFileType = wrapper.application; includeInIndex = 0; path = MyMemo.app; sourceTree = BUILT_PRODUCTS_DIR; };
		3FBF01AB2A78E7C400E3EB02 /* AppDelegate.swift */ = {isa = PBXFileReference; lastKnownFileType = sourcecode.swift; path = AppDelegate.swift; sourceTree = "<group>"; };
		3FBF01AD2A78E7C400E3EB02 /* SceneDelegate.swift */ = {isa = PBXFileReference; lastKnownFileType = sourcecode.swift; path = SceneDelegate.swift; sourceTree = "<group>"; };
		3FBF01AF2A78E7C400E3EB02 /* ViewController.swift */ = {isa = PBXFileReference; lastKnownFileType = sourcecode.swift; path = ViewController.swift; sourceTree = "<group>"; };
		3FBF01B22A78E7C400E3EB02 /* Base */ = {isa = PBXFileReference; lastKnownFileType = file.storyboard; name = Base; path = Base.lproj/Main.storyboard; sourceTree = "<group>"; };
		3FBF01B42A78E7C600E3EB02 /* Assets.xcassets */ = {isa = PBXFileReference; lastKnownFileType = folder.assetcatalog; path = Assets.xcassets; sourceTree = "<group>"; };
		3FBF01B72A78E7C600E3EB02 /* Base */ = {isa = PBXFileReference; lastKnownFileType = file.storyboard; name = Base; path = Base.lproj/LaunchScreen.storyboard; sourceTree = "<group>"; };
		3FBF01B92A78E7C600E3EB02 /* Info.plist */ = {isa = PBXFileReference; lastKnownFileType = text.plist.xml; path = Info.plist; sourceTree = "<group>"; };
		3FBF01BF2A78EBC500E3EB02 /* team3.png */ = {isa = PBXFileReference; lastKnownFileType = image.png; path = team3.png; sourceTree = "<group>"; };
		3FE583EC2A7A31D800FEB453 /* TableViewController.swift */ = {isa = PBXFileReference; lastKnownFileType = sourcecode.swift; path = TableViewController.swift; sourceTree = "<group>"; };
		3FE583EE2A7A494100FEB453 /* Memo.swift */ = {isa = PBXFileReference; lastKnownFileType = sourcecode.swift; path = Memo.swift; sourceTree = "<group>"; };
		3FE583F02A7A673200FEB453 /* DetailViewController.swift */ = {isa = PBXFileReference; lastKnownFileType = sourcecode.swift; path = DetailViewController.swift; sourceTree = "<group>"; };
		3FE583F22A7A6A6200FEB453 /* UIViewController+Alert.swift */ = {isa = PBXFileReference; lastKnownFileType = sourcecode.swift; path = "UIViewController+Alert.swift"; sourceTree = "<group>"; };
/* End PBXFileReference section */

/* Begin PBXFrameworksBuildPhase section */
		3FBF01A52A78E7C400E3EB02 /* Frameworks */ = {
			isa = PBXFrameworksBuildPhase;
			buildActionMask = 2147483647;
			files = (
			);
			runOnlyForDeploymentPostprocessing = 0;
		};
/* End PBXFrameworksBuildPhase section */

/* Begin PBXGroup section */
		3FBF019F2A78E7C400E3EB02 = {
			isa = PBXGroup;
			children = (
				3FBF01AA2A78E7C400E3EB02 /* MyMemo */,
				3FBF01A92A78E7C400E3EB02 /* Products */,
			);
			sourceTree = "<group>";
		};
		3FBF01A92A78E7C400E3EB02 /* Products */ = {
			isa = PBXGroup;
			children = (
				3FBF01A82A78E7C400E3EB02 /* MyMemo.app */,
			);
			name = Products;
			sourceTree = "<group>";
		};
		3FBF01AA2A78E7C400E3EB02 /* MyMemo */ = {
			isa = PBXGroup;
			children = (
				3FBF01BF2A78EBC500E3EB02 /* team3.png */,
				3FBF01AB2A78E7C400E3EB02 /* AppDelegate.swift */,
				3FBF01AD2A78E7C400E3EB02 /* SceneDelegate.swift */,
				3FBF01B12A78E7C400E3EB02 /* Main.storyboard */,
				3FBF01AF2A78E7C400E3EB02 /* ViewController.swift */,
				3FE583EC2A7A31D800FEB453 /* TableViewController.swift */,
				3FE583F02A7A673200FEB453 /* DetailViewController.swift */,
				3F7EF7112A81F4D100A971DC /* CompleteViewController.swift */,
				3FE583EE2A7A494100FEB453 /* Memo.swift */,
				3F7EF70D2A7CCAED00A971DC /* MemoManager.swift */,
				3FE583F22A7A6A6200FEB453 /* UIViewController+Alert.swift */,
				3FBF01B42A78E7C600E3EB02 /* Assets.xcassets */,
				3FBF01B62A78E7C600E3EB02 /* LaunchScreen.storyboard */,
				3FBF01B92A78E7C600E3EB02 /* Info.plist */,
			);
			path = MyMemo;
			sourceTree = "<group>";
		};
/* End PBXGroup section */

/* Begin PBXNativeTarget section */
		3FBF01A72A78E7C400E3EB02 /* MyMemo */ = {
			isa = PBXNativeTarget;
			buildConfigurationList = 3FBF01BC2A78E7C600E3EB02 /* Build configuration list for PBXNativeTarget "MyMemo" */;
			buildPhases = (
				3FBF01A42A78E7C400E3EB02 /* Sources */,
				3FBF01A52A78E7C400E3EB02 /* Frameworks */,
				3FBF01A62A78E7C400E3EB02 /* Resources */,
			);
			buildRules = (
			);
			dependencies = (
			);
			name = MyMemo;
			productName = MyMemo;
			productReference = 3FBF01A82A78E7C400E3EB02 /* MyMemo.app */;
			productType = "com.apple.product-type.application";
		};
/* End PBXNativeTarget section */

/* Begin PBXProject section */
		3FBF01A02A78E7C400E3EB02 /* Project object */ = {
			isa = PBXProject;
			attributes = {
				BuildIndependentTargetsInParallel = 1;
				LastSwiftUpdateCheck = 1430;
				LastUpgradeCheck = 1430;
				TargetAttributes = {
					3FBF01A72A78E7C400E3EB02 = {
						CreatedOnToolsVersion = 14.3.1;
					};
				};
			};
			buildConfigurationList = 3FBF01A32A78E7C400E3EB02 /* Build configuration list for PBXProject "MyMemo" */;
			compatibilityVersion = "Xcode 14.0";
			developmentRegion = en;
			hasScannedForEncodings = 0;
			knownRegions = (
				en,
				Base,
			);
			mainGroup = 3FBF019F2A78E7C400E3EB02;
			productRefGroup = 3FBF01A92A78E7C400E3EB02 /* Products */;
			projectDirPath = "";
			projectRoot = "";
			targets = (
				3FBF01A72A78E7C400E3EB02 /* MyMemo */,
			);
		};
/* End PBXProject section */

/* Begin PBXResourcesBuildPhase section */
		3FBF01A62A78E7C400E3EB02 /* Resources */ = {
			isa = PBXResourcesBuildPhase;
			buildActionMask = 2147483647;
			files = (
				3FBF01B82A78E7C600E3EB02 /* LaunchScreen.storyboard in Resources */,
				3FBF01B52A78E7C600E3EB02 /* Assets.xcassets in Resources */,
				3FE583EB2A7A2B8200FEB453 /* team3.png in Resources */,
				3FBF01B32A78E7C400E3EB02 /* Main.storyboard in Resources */,
			);
			runOnlyForDeploymentPostprocessing = 0;
		};
/* End PBXResourcesBuildPhase section */

/* Begin PBXSourcesBuildPhase section */
		3FBF01A42A78E7C400E3EB02 /* Sources */ = {
			isa = PBXSourcesBuildPhase;
			buildActionMask = 2147483647;
			files = (
				3FBF01B02A78E7C400E3EB02 /* ViewController.swift in Sources */,
				3FBF01AC2A78E7C400E3EB02 /* AppDelegate.swift in Sources */,
				3FBF01AE2A78E7C400E3EB02 /* SceneDelegate.swift in Sources */,
				3FE583F12A7A673200FEB453 /* DetailViewController.swift in Sources */,
				3FE583EF2A7A494100FEB453 /* Memo.swift in Sources */,
				3F7EF7122A81F4D100A971DC /* CompleteViewController.swift in Sources */,
				3F7EF70E2A7CCAED00A971DC /* MemoManager.swift in Sources */,
				3FE583ED2A7A31D800FEB453 /* TableViewController.swift in Sources */,
				3FE583F32A7A6A6200FEB453 /* UIViewController+Alert.swift in Sources */,
			);
			runOnlyForDeploymentPostprocessing = 0;
		};
/* End PBXSourcesBuildPhase section */

/* Begin PBXVariantGroup section */
		3FBF01B12A78E7C400E3EB02 /* Main.storyboard */ = {
			isa = PBXVariantGroup;
			children = (
				3FBF01B22A78E7C400E3EB02 /* Base */,
			);
			name = Main.storyboard;
			sourceTree = "<group>";
		};
		3FBF01B62A78E7C600E3EB02 /* LaunchScreen.storyboard */ = {
			isa = PBXVariantGroup;
			children = (
				3FBF01B72A78E7C600E3EB02 /* Base */,
			);
			name = LaunchScreen.storyboard;
			sourceTree = "<group>";
		};
/* End PBXVariantGroup section */

/* Begin XCBuildConfiguration section */
		3FBF01BA2A78E7C600E3EB02 /* Debug */ = {
			isa = XCBuildConfiguration;
			buildSettings = {
				ALWAYS_SEARCH_USER_PATHS = NO;
				CLANG_ANALYZER_NONNULL = YES;
				CLANG_ANALYZER_NUMBER_OBJECT_CONVERSION = YES_AGGRESSIVE;
				CLANG_CXX_LANGUAGE_STANDARD = "gnu++20";
				CLANG_ENABLE_MODULES = YES;
				CLANG_ENABLE_OBJC_ARC = YES;
				CLANG_ENABLE_OBJC_WEAK = YES;
				CLANG_WARN_BLOCK_CAPTURE_AUTORELEASING = YES;
				CLANG_WARN_BOOL_CONVERSION = YES;
				CLANG_WARN_COMMA = YES;
				CLANG_WARN_CONSTANT_CONVERSION = YES;
				CLANG_WARN_DEPRECATED_OBJC_IMPLEMENTATIONS = YES;
				CLANG_WARN_DIRECT_OBJC_ISA_USAGE = YES_ERROR;
				CLANG_WARN_DOCUMENTATION_COMMENTS = YES;
				CLANG_WARN_EMPTY_BODY = YES;
				CLANG_WARN_ENUM_CONVERSION = YES;
				CLANG_WARN_INFINITE_RECURSION = YES;
				CLANG_WARN_INT_CONVERSION = YES;
				CLANG_WARN_NON_LITERAL_NULL_CONVERSION = YES;
				CLANG_WARN_OBJC_IMPLICIT_RETAIN_SELF = YES;
				CLANG_WARN_OBJC_LITERAL_CONVERSION = YES;
				CLANG_WARN_OBJC_ROOT_CLASS = YES_ERROR;
				CLANG_WARN_QUOTED_INCLUDE_IN_FRAMEWORK_HEADER = YES;
				CLANG_WARN_RANGE_LOOP_ANALYSIS = YES;
				CLANG_WARN_STRICT_PROTOTYPES = YES;
				CLANG_WARN_SUSPICIOUS_MOVE = YES;
				CLANG_WARN_UNGUARDED_AVAILABILITY = YES_AGGRESSIVE;
				CLANG_WARN_UNREACHABLE_CODE = YES;
				CLANG_WARN__DUPLICATE_METHOD_MATCH = YES;
				COPY_PHASE_STRIP = NO;
				DEBUG_INFORMATION_FORMAT = dwarf;
				ENABLE_STRICT_OBJC_MSGSEND = YES;
				ENABLE_TESTABILITY = YES;
				GCC_C_LANGUAGE_STANDARD = gnu11;
				GCC_DYNAMIC_NO_PIC = NO;
				GCC_NO_COMMON_BLOCKS = YES;
				GCC_OPTIMIZATION_LEVEL = 0;
				GCC_PREPROCESSOR_DEFINITIONS = (
					"DEBUG=1",
					"$(inherited)",
				);
				GCC_WARN_64_TO_32_BIT_CONVERSION = YES;
				GCC_WARN_ABOUT_RETURN_TYPE = YES_ERROR;
				GCC_WARN_UNDECLARED_SELECTOR = YES;
				GCC_WARN_UNINITIALIZED_AUTOS = YES_AGGRESSIVE;
				GCC_WARN_UNUSED_FUNCTION = YES;
				GCC_WARN_UNUSED_VARIABLE = YES;
				IPHONEOS_DEPLOYMENT_TARGET = 16.4;
				MTL_ENABLE_DEBUG_INFO = INCLUDE_SOURCE;
				MTL_FAST_MATH = YES;
				ONLY_ACTIVE_ARCH = YES;
				SDKROOT = iphoneos;
				SWIFT_ACTIVE_COMPILATION_CONDITIONS = DEBUG;
				SWIFT_OPTIMIZATION_LEVEL = "-Onone";
			};
			name = Debug;
		};
		3FBF01BB2A78E7C600E3EB02 /* Release */ = {
			isa = XCBuildConfiguration;
			buildSettings = {
				ALWAYS_SEARCH_USER_PATHS = NO;
				CLANG_ANALYZER_NONNULL = YES;
				CLANG_ANALYZER_NUMBER_OBJECT_CONVERSION = YES_AGGRESSIVE;
				CLANG_CXX_LANGUAGE_STANDARD = "gnu++20";
				CLANG_ENABLE_MODULES = YES;
				CLANG_ENABLE_OBJC_ARC = YES;
				CLANG_ENABLE_OBJC_WEAK = YES;
				CLANG_WARN_BLOCK_CAPTURE_AUTORELEASING = YES;
				CLANG_WARN_BOOL_CONVERSION = YES;
				CLANG_WARN_COMMA = YES;
				CLANG_WARN_CONSTANT_CONVERSION = YES;
				CLANG_WARN_DEPRECATED_OBJC_IMPLEMENTATIONS = YES;
				CLANG_WARN_DIRECT_OBJC_ISA_USAGE = YES_ERROR;
				CLANG_WARN_DOCUMENTATION_COMMENTS = YES;
				CLANG_WARN_EMPTY_BODY = YES;
				CLANG_WARN_ENUM_CONVERSION = YES;
				CLANG_WARN_INFINITE_RECURSION = YES;
				CLANG_WARN_INT_CONVERSION = YES;
				CLANG_WARN_NON_LITERAL_NULL_CONVERSION = YES;
				CLANG_WARN_OBJC_IMPLICIT_RETAIN_SELF = YES;
				CLANG_WARN_OBJC_LITERAL_CONVERSION = YES;
				CLANG_WARN_OBJC_ROOT_CLASS = YES_ERROR;
				CLANG_WARN_QUOTED_INCLUDE_IN_FRAMEWORK_HEADER = YES;
				CLANG_WARN_RANGE_LOOP_ANALYSIS = YES;
				CLANG_WARN_STRICT_PROTOTYPES = YES;
				CLANG_WARN_SUSPICIOUS_MOVE = YES;
				CLANG_WARN_UNGUARDED_AVAILABILITY = YES_AGGRESSIVE;
				CLANG_WARN_UNREACHABLE_CODE = YES;
				CLANG_WARN__DUPLICATE_METHOD_MATCH = YES;
				COPY_PHASE_STRIP = NO;
				DEBUG_INFORMATION_FORMAT = "dwarf-with-dsym";
				ENABLE_NS_ASSERTIONS = NO;
				ENABLE_STRICT_OBJC_MSGSEND = YES;
				GCC_C_LANGUAGE_STANDARD = gnu11;
				GCC_NO_COMMON_BLOCKS = YES;
				GCC_WARN_64_TO_32_BIT_CONVERSION = YES;
				GCC_WARN_ABOUT_RETURN_TYPE = YES_ERROR;
				GCC_WARN_UNDECLARED_SELECTOR = YES;
				GCC_WARN_UNINITIALIZED_AUTOS = YES_AGGRESSIVE;
				GCC_WARN_UNUSED_FUNCTION = YES;
				GCC_WARN_UNUSED_VARIABLE = YES;
				IPHONEOS_DEPLOYMENT_TARGET = 16.4;
				MTL_ENABLE_DEBUG_INFO = NO;
				MTL_FAST_MATH = YES;
				SDKROOT = iphoneos;
				SWIFT_COMPILATION_MODE = wholemodule;
				SWIFT_OPTIMIZATION_LEVEL = "-O";
				VALIDATE_PRODUCT = YES;
			};
			name = Release;
		};
		3FBF01BD2A78E7C600E3EB02 /* Debug */ = {
			isa = XCBuildConfiguration;
			buildSettings = {
				ASSETCATALOG_COMPILER_APPICON_NAME = AppIcon;
				ASSETCATALOG_COMPILER_GLOBAL_ACCENT_COLOR_NAME = AccentColor;
				CODE_SIGN_STYLE = Automatic;
				CURRENT_PROJECT_VERSION = 1;
				GENERATE_INFOPLIST_FILE = YES;
				INFOPLIST_FILE = MyMemo/Info.plist;
				INFOPLIST_KEY_UIApplicationSupportsIndirectInputEvents = YES;
				INFOPLIST_KEY_UILaunchStoryboardName = LaunchScreen;
				INFOPLIST_KEY_UIMainStoryboardFile = Main;
				INFOPLIST_KEY_UISupportedInterfaceOrientations_iPad = "UIInterfaceOrientationPortrait UIInterfaceOrientationPortraitUpsideDown UIInterfaceOrientationLandscapeLeft UIInterfaceOrientationLandscapeRight";
				INFOPLIST_KEY_UISupportedInterfaceOrientations_iPhone = "UIInterfaceOrientationPortrait UIInterfaceOrientationLandscapeLeft UIInterfaceOrientationLandscapeRight";
				LD_RUNPATH_SEARCH_PATHS = (
					"$(inherited)",
					"@executable_path/Frameworks",
				);
				MARKETING_VERSION = 1.0;
				PRODUCT_BUNDLE_IDENTIFIER = com.iOS.MyMemo;
				PRODUCT_NAME = "$(TARGET_NAME)";
				SWIFT_EMIT_LOC_STRINGS = YES;
				SWIFT_VERSION = 5.0;
				TARGETED_DEVICE_FAMILY = "1,2";
			};
			name = Debug;
		};
		3FBF01BE2A78E7C600E3EB02 /* Release */ = {
			isa = XCBuildConfiguration;
			buildSettings = {
				ASSETCATALOG_COMPILER_APPICON_NAME = AppIcon;
				ASSETCATALOG_COMPILER_GLOBAL_ACCENT_COLOR_NAME = AccentColor;
				CODE_SIGN_STYLE = Automatic;
				CURRENT_PROJECT_VERSION = 1;
				GENERATE_INFOPLIST_FILE = YES;
				INFOPLIST_FILE = MyMemo/Info.plist;
				INFOPLIST_KEY_UIApplicationSupportsIndirectInputEvents = YES;
				INFOPLIST_KEY_UILaunchStoryboardName = LaunchScreen;
				INFOPLIST_KEY_UIMainStoryboardFile = Main;
				INFOPLIST_KEY_UISupportedInterfaceOrientations_iPad = "UIInterfaceOrientationPortrait UIInterfaceOrientationPortraitUpsideDown UIInterfaceOrientationLandscapeLeft UIInterfaceOrientationLandscapeRight";
				INFOPLIST_KEY_UISupportedInterfaceOrientations_iPhone = "UIInterfaceOrientationPortrait UIInterfaceOrientationLandscapeLeft UIInterfaceOrientationLandscapeRight";
				LD_RUNPATH_SEARCH_PATHS = (
					"$(inherited)",
					"@executable_path/Frameworks",
				);
				MARKETING_VERSION = 1.0;
				PRODUCT_BUNDLE_IDENTIFIER = com.iOS.MyMemo;
				PRODUCT_NAME = "$(TARGET_NAME)";
				SWIFT_EMIT_LOC_STRINGS = YES;
				SWIFT_VERSION = 5.0;
				TARGETED_DEVICE_FAMILY = "1,2";
			};
			name = Release;
		};
/* End XCBuildConfiguration section */

/* Begin XCConfigurationList section */
		3FBF01A32A78E7C400E3EB02 /* Build configuration list for PBXProject "MyMemo" */ = {
			isa = XCConfigurationList;
			buildConfigurations = (
				3FBF01BA2A78E7C600E3EB02 /* Debug */,
				3FBF01BB2A78E7C600E3EB02 /* Release */,
			);
			defaultConfigurationIsVisible = 0;
			defaultConfigurationName = Release;
		};
		3FBF01BC2A78E7C600E3EB02 /* Build configuration list for PBXNativeTarget "MyMemo" */ = {
			isa = XCConfigurationList;
			buildConfigurations = (
				3FBF01BD2A78E7C600E3EB02 /* Debug */,
				3FBF01BE2A78E7C600E3EB02 /* Release */,
			);
			defaultConfigurationIsVisible = 0;
			defaultConfigurationName = Release;
		};
/* End XCConfigurationList section */
	};
	rootObject = 3FBF01A02A78E7C400E3EB02 /* Project object */;
}
